{
  "projects": [
    {
      "projectId": "8PtdGodUbexNYgkuyBUcWu",
      "version": "3.33.0",
      "dependencies": {},
      "lang": "js",
      "fileLocks": [
        {
          "assetId": "8PtdGodUbexNYgkuyBUcWu",
          "type": "projectCss",
          "checksum": "d0036c38cf1abb3618c71ab68a296b2b"
        },
        {
          "assetId": "8PtdGodUbexNYgkuyBUcWu",
          "checksum": "c34deae3be4116372b8f09a576ea3a01",
          "type": "globalContexts"
        },
        {
          "assetId": "8PtdGodUbexNYgkuyBUcWu",
          "checksum": "23e35f9a7b22b3e265a5e7ef8ec77a00",
          "type": "projectModule"
        },
        {
          "assetId": "8PtdGodUbexNYgkuyBUcWu",
          "checksum": "e3a9e005a65ce098f4654b561c427772",
          "type": "styleTokensProvider"
        }
      ],
      "codegenVersion": "0.0.2"
    },
    {
      "projectId": "gmeH6XgPaBtkt51HunAo4g",
      "version": "18.29.0",
      "dependencies": {},
      "lang": "js",
      "fileLocks": [
        {
          "assetId": "gmeH6XgPaBtkt51HunAo4g",
          "type": "projectCss",
          "checksum": "56a5d447501c0753e4cf451641894e78"
        },
        {
          "assetId": "gmeH6XgPaBtkt51HunAo4g",
          "checksum": "b257914c183ee7b8f06149f466106930",
          "type": "projectModule"
        },
        {
          "assetId": "gmeH6XgPaBtkt51HunAo4g",
          "checksum": "4b5f09b218e05c2944d99d725c0d2de2",
          "type": "styleTokensProvider"
        }
      ],
      "codegenVersion": "0.0.2"
    },
    {
      "projectId": "eKFRUYyRS72BUMSZdZJPiJ",
      "version": "latest",
      "dependencies": {
        "gmeH6XgPaBtkt51HunAo4g": "18.29.0",
        "8PtdGodUbexNYgkuyBUcWu": "3.33.0"
      },
      "lang": "js",
      "fileLocks": [
        {
          "type": "globalVariant",
          "assetId": "0-hgiicnFc-M",
          "checksum": "e53db857ab74633f5997a9d5682b441b"
        },
        {
          "assetId": "eKFRUYyRS72BUMSZdZJPiJ",
          "type": "projectCss",
          "checksum": "62246949f506deb5553b0c7076059f5b"
        },
        {
          "assetId": "eKFRUYyRS72BUMSZdZJPiJ",
          "checksum": "3594c7008a40745f0d1b769a93fbd95e",
          "type": "globalContexts"
        },
        {
          "assetId": "eKFRUYyRS72BUMSZdZJPiJ",
          "checksum": "b755656b1f5d3c79aea290db14bd376c",
          "type": "projectModule"
        },
        {
          "assetId": "eKFRUYyRS72BUMSZdZJPiJ",
          "checksum": "ce707863bc6d37abf64b400a15e1f587",
          "type": "styleTokensProvider"
        },
        {
          "type": "renderModule",
          "assetId": "BGEu1YgpHIM2",
          "checksum": "43df54f183125167b75f2f495e189d9b"
        },
        {
          "type": "cssRules",
          "assetId": "BGEu1YgpHIM2",
          "checksum": "43df54f183125167b75f2f495e189d9b"
        },
        {
          "type": "renderModule",
          "assetId": "N6yDRYqv88r9",
          "checksum": "db77ad79dfbf34a772d55e8b98b9116f"
        },
        {
          "type": "cssRules",
          "assetId": "N6yDRYqv88r9",
          "checksum": "db77ad79dfbf34a772d55e8b98b9116f"
        },
        {
          "type": "renderModule",
          "assetId": "EI_BfbLsrI26",
          "checksum": "1095a84da7f918ab8f08a062fe4b1f28"
        },
        {
          "type": "cssRules",
          "assetId": "EI_BfbLsrI26",
          "checksum": "1095a84da7f918ab8f08a062fe4b1f28"
        },
        {
          "type": "renderModule",
          "assetId": "1T8uv4KIVoAI",
          "checksum": "a9dd45c0287465f79cf3bbc8542df419"
        },
        {
          "type": "cssRules",
          "assetId": "1T8uv4KIVoAI",
          "checksum": "a9dd45c0287465f79cf3bbc8542df419"
        },
        {
          "type": "renderModule",
          "assetId": "4LXP_MHVzitw",
          "checksum": "09743f85938de0587567722f4feef24b"
        },
        {
          "type": "cssRules",
          "assetId": "4LXP_MHVzitw",
          "checksum": "09743f85938de0587567722f4feef24b"
        },
        {
          "type": "renderModule",
          "assetId": "85lNmHdM8uqr",
          "checksum": "96c69d9284acf020040b8c42fc56ff43"
        },
        {
          "type": "cssRules",
          "assetId": "85lNmHdM8uqr",
          "checksum": "96c69d9284acf020040b8c42fc56ff43"
        },
        {
          "type": "renderModule",
          "assetId": "QzxdVcZVtseg",
          "checksum": "aa1bfa18855e1266a993ab2ddc7d3695"
        },
        {
          "type": "cssRules",
          "assetId": "QzxdVcZVtseg",
          "checksum": "aa1bfa18855e1266a993ab2ddc7d3695"
        },
        {
          "type": "renderModule",
          "assetId": "m8A3E5uzwxML",
          "checksum": "973e3a1e3460f4098241784f964781fd"
        },
        {
          "type": "cssRules",
          "assetId": "m8A3E5uzwxML",
          "checksum": "973e3a1e3460f4098241784f964781fd"
        },
        {
          "type": "renderModule",
          "assetId": "fdr6e3UzDOBG",
          "checksum": "96822733fcc4c10e03757e9ac3baca5f"
        },
        {
          "type": "cssRules",
          "assetId": "fdr6e3UzDOBG",
          "checksum": "96822733fcc4c10e03757e9ac3baca5f"
        },
        {
          "type": "renderModule",
          "assetId": "lvnGLzNXK4IS",
          "checksum": "9811f251416eb90055757be3f20f5a90"
        },
        {
          "type": "cssRules",
          "assetId": "lvnGLzNXK4IS",
          "checksum": "9811f251416eb90055757be3f20f5a90"
        },
        {
          "type": "renderModule",
          "assetId": "r5BM5gOrYIih",
          "checksum": "f8b81811a5d3b51897fd51fd95f065e9"
        },
        {
          "type": "cssRules",
          "assetId": "r5BM5gOrYIih",
          "checksum": "f8b81811a5d3b51897fd51fd95f065e9"
        },
        {
          "type": "renderModule",
          "assetId": "Ffh64AFq_2O0",
          "checksum": "ceb57c2887c932a5553587af197ebc64"
        },
        {
          "type": "cssRules",
          "assetId": "Ffh64AFq_2O0",
          "checksum": "ceb57c2887c932a5553587af197ebc64"
        },
        {
          "type": "renderModule",
          "assetId": "fv9QUsJNrfus",
          "checksum": "f54e24868ff912fd232f4856c1dc6f55"
        },
        {
          "type": "cssRules",
          "assetId": "fv9QUsJNrfus",
          "checksum": "f54e24868ff912fd232f4856c1dc6f55"
        },
        {
          "type": "renderModule",
          "assetId": "v66F2WNBz1Lm",
          "checksum": "d846fecf282d02da2555c811b28f81dc"
        },
        {
          "type": "cssRules",
          "assetId": "v66F2WNBz1Lm",
          "checksum": "d846fecf282d02da2555c811b28f81dc"
        },
        {
          "type": "renderModule",
          "assetId": "ZJ1sMuxC9zQ7",
          "checksum": "ef81d7b59975716a5ba0b88fcad38175"
        },
        {
          "type": "cssRules",
          "assetId": "ZJ1sMuxC9zQ7",
          "checksum": "ef81d7b59975716a5ba0b88fcad38175"
        },
        {
          "type": "renderModule",
          "assetId": "ebjOQh_gwK09",
          "checksum": "022b7eedc9fd58939e3c6965d1ab2282"
        },
        {
          "type": "cssRules",
          "assetId": "ebjOQh_gwK09",
          "checksum": "022b7eedc9fd58939e3c6965d1ab2282"
        },
        {
          "type": "renderModule",
          "assetId": "CNZEnELMBC5-",
          "checksum": "7c4103378cc89fde60434b5a6eb2f976"
        },
        {
          "type": "cssRules",
          "assetId": "CNZEnELMBC5-",
          "checksum": "7c4103378cc89fde60434b5a6eb2f976"
        },
        {
          "type": "renderModule",
          "assetId": "xKownszNrbl1",
          "checksum": "482f9f8b9fef49529e67f0835a7c17ef"
        },
        {
          "type": "cssRules",
          "assetId": "xKownszNrbl1",
          "checksum": "482f9f8b9fef49529e67f0835a7c17ef"
        },
        {
          "type": "renderModule",
          "assetId": "Cj8SD8iYaPf5",
          "checksum": "90c13c855c3c8fa4489820fe12bfe759"
        },
        {
          "type": "cssRules",
          "assetId": "Cj8SD8iYaPf5",
          "checksum": "90c13c855c3c8fa4489820fe12bfe759"
        },
        {
          "type": "renderModule",
          "assetId": "3UyAhD3cARWv",
          "checksum": "b1b62198d84af88d8f0ae8057daffd7f"
        },
        {
          "type": "cssRules",
          "assetId": "3UyAhD3cARWv",
          "checksum": "b1b62198d84af88d8f0ae8057daffd7f"
        },
        {
          "type": "icon",
          "assetId": "27mVFDERtNbH",
          "checksum": "574f59d77b982a15740d318363bbe753"
        },
        {
          "type": "icon",
          "assetId": "akBGWYOzoZtA",
          "checksum": "bad1b1a96f54bfb1ecf286af525688f4"
        },
        {
          "type": "icon",
          "assetId": "2MZbGYwsjr8p",
          "checksum": "9129d4f62ebd6598d5ceb5c4e427c746"
        },
        {
          "type": "icon",
          "assetId": "8k-aS_I-2IU_",
          "checksum": "f6e6b7cae2c1ef071d981ce41d3bce07"
        },
        {
          "type": "icon",
          "assetId": "triLPKYFkC-V",
          "checksum": "175a835f7a87d7e03cddd9218a3be142"
        },
        {
          "type": "icon",
          "assetId": "nG9gBZHFHclc",
          "checksum": "29286688335c824d4962ef1a08ad9d83"
        },
        {
          "type": "icon",
          "assetId": "AmmzVv9CNXxP",
          "checksum": "e2645b42133d35ec3fbe52af5a0fefbd"
        },
        {
          "type": "icon",
          "assetId": "mR9gepGgc0Iv",
          "checksum": "9bfaa9c6c69b738c1b6f0cde2c2893bc"
        },
        {
          "type": "icon",
          "assetId": "Z36ml-VHkeNo",
          "checksum": "656f8380fe7b6955460c05eb2f6cc92f"
        },
        {
          "type": "icon",
          "assetId": "6tigwcX5zPZX",
          "checksum": "b39a81b1fd94c2afefcdcaf75521777f"
        },
        {
          "type": "icon",
          "assetId": "Xh3SW22e_22k",
          "checksum": "f639aabc8fe9bc30afe2aec03828faca"
        },
        {
          "type": "image",
          "assetId": "M4XpxQLz6voC",
          "checksum": "026417d5283f0f539e331f7428f01b2e"
        },
        {
          "type": "image",
          "assetId": "0vomPmf7pfaT",
          "checksum": "5a953ce4a96a617786000c88420558e8"
        },
        {
          "type": "image",
          "assetId": "Xd4WMKYNEdna",
          "checksum": "e906a0ff0abb26a5c1481a17f3a809ea"
        },
        {
          "type": "image",
          "assetId": "9-R72P9iOPkD",
          "checksum": "39ec080f840ba6c6749e21213d901cb7"
        },
        {
          "type": "image",
          "assetId": "6ilLlMtEV5XV",
          "checksum": "406b1050282f700fa96574adf61e2bf8"
        },
        {
          "type": "image",
          "assetId": "YCZAeLul0VmR",
          "checksum": "6d655c913ea9d96e673abcdb03495427"
        },
        {
          "type": "image",
          "assetId": "5pB2G5T2tluQ",
          "checksum": "2f0a298a1cd16bf4dc84d31f5fd17632"
        },
        {
          "type": "image",
          "assetId": "889kSWpyRwhx",
          "checksum": "ff8710aeb401cae12d6c4bb85fa19d0f"
        },
        {
          "type": "image",
          "assetId": "2myb5K2xABTq",
          "checksum": "4ed989664a6b245fe9d134c29eac22a4"
        },
        {
          "type": "image",
          "assetId": "qzWzCzIMhKdy",
          "checksum": "3c1d905212025c07ca665423e861e893"
        },
        {
          "type": "image",
          "assetId": "LPPQv-hZL8gW",
          "checksum": "485685eaf76dcefcf9a7fecad96a2a06"
        },
        {
          "type": "image",
          "assetId": "4qUVEEMqzhRg",
          "checksum": "3c9c5b4e4cf55af55c2b54484d07d1e5"
        },
        {
          "type": "image",
          "assetId": "QNm8t90ANjAE",
          "checksum": "774e61f71b32f2383146793fd902e020"
        },
        {
          "type": "image",
          "assetId": "h_Pv0skbSLwO",
          "checksum": "37f1ead62bfe6152ddefb852e1f2c7eb"
        },
        {
          "type": "image",
          "assetId": "zu2cfcM4t9oh",
          "checksum": "30b3bfa82798dd951b362735f2737828"
        },
        {
          "type": "image",
          "assetId": "2__DCsxiz0yU",
          "checksum": "5191b521217da4b5a2c84dff43a24cd7"
        },
        {
          "type": "image",
          "assetId": "ne8_73WMo6vE",
          "checksum": "a7aadf279cd53c56f7a6e12085607969"
        },
        {
          "type": "image",
          "assetId": "bkJv0zfLsqs-",
          "checksum": "938a652bc2e9fd97d5493f10282caf72"
        },
        {
          "type": "image",
          "assetId": "Lui8nkg5jNok",
          "checksum": "b59931a75aa5952153f940d919ce1907"
        },
        {
          "type": "image",
          "assetId": "xes8FCXXsV5q",
          "checksum": "19e4ef20a78c3fbdd32cdb7b1b6bb7e4"
        },
        {
          "type": "image",
          "assetId": "VUvQODCRg6qq",
          "checksum": "afaf2e9e9c5b4dd00d055aeb69b83884"
        },
        {
          "type": "image",
          "assetId": "F23oBr7jVoog",
          "checksum": "a8ea804da54d41453e67759931f9973a"
        },
        {
          "type": "image",
          "assetId": "gOZpyD9iKzaO",
          "checksum": "7ae10187507160950bfb79bf58708e32"
        },
        {
          "type": "image",
          "assetId": "8Z-9Gfa9Xwz7",
          "checksum": "76dd34b62a21a39ce3d585cc4c59419c"
        },
        {
          "type": "image",
          "assetId": "LeF73wsasLhR",
          "checksum": "64642128bc95e87eb2d842c5793e198e"
        },
        {
          "type": "image",
          "assetId": "APvw6z4mr-r8",
          "checksum": "17fe523cbde5b95ecd44eae0f99a7459"
        },
        {
          "type": "image",
          "assetId": "rXRrGqN5zrlA",
          "checksum": "3ec0a3ba55d6bd35e3c528a25cbde7b8"
        },
        {
          "type": "image",
          "assetId": "KR5h5waRZkw1",
          "checksum": "bacda6a90583768a12058c372a73c532"
        },
        {
          "type": "image",
          "assetId": "TwaqyKRL0t35",
          "checksum": "5a1b14b6d1a1ed7f9520c066a9540848"
        },
        {
          "type": "image",
          "assetId": "SkuYkpX097UK",
          "checksum": "c072bdda5565c9b64fe08cb84757b37d"
        },
        {
          "type": "image",
          "assetId": "B8zBYZjYkvRp",
          "checksum": "0344b6b0a60484b2dae822741a9cccd9"
        },
        {
          "type": "image",
          "assetId": "4YqQ37qu7cm5",
          "checksum": "efe0a47f9922e7a403c1bc84255f3cf3"
        },
        {
          "type": "image",
          "assetId": "csrvb4JLEOc5",
          "checksum": "4ffe365f47ae6473631bc71142f55448"
        },
        {
          "type": "image",
          "assetId": "6AxiEVOAPCgA",
          "checksum": "44432caef1e78bb95b340db5f96d9475"
        },
        {
          "type": "image",
          "assetId": "GYZau0lf985K",
          "checksum": "4d7210327ac5199046ea0479ac7cf899"
        },
        {
          "type": "image",
          "assetId": "hPGkoltQCcEl",
          "checksum": "308712020053c6d4a41598011fc41cd3"
        },
        {
          "type": "image",
          "assetId": "TVQx6v87RIIw",
          "checksum": "913c7ce99e989d1cf057bb91216d3298"
        }
      ],
      "codegenVersion": "0.0.2"
    }
  ],
  "cliVersion": "0.1.347"
}
